// !$*UTF8*$!
{
	archiveVersion = 1;
	classes = {
	};
	objectVersion = 50;
	objects = {

/* Begin PBXBuildFile section */
		2932FA5E2624B50800386B86 /* AppDelegate.swift in Sources */ = {isa = PBXBuildFile; fileRef = 2932FA5D2624B50800386B86 /* AppDelegate.swift */; };
		2932FA602624B50800386B86 /* SceneDelegate.swift in Sources */ = {isa = PBXBuildFile; fileRef = 2932FA5F2624B50800386B86 /* SceneDelegate.swift */; };
		2932FA622624B50800386B86 /* ViewController.swift in Sources */ = {isa = PBXBuildFile; fileRef = 2932FA612624B50800386B86 /* ViewController.swift */; };
		2932FA652624B50800386B86 /* Main.storyboard in Resources */ = {isa = PBXBuildFile; fileRef = 2932FA632624B50800386B86 /* Main.storyboard */; };
		2932FA672624B50A00386B86 /* Assets.xcassets in Resources */ = {isa = PBXBuildFile; fileRef = 2932FA662624B50A00386B86 /* Assets.xcassets */; };
		2932FA6A2624B50A00386B86 /* LaunchScreen.storyboard in Resources */ = {isa = PBXBuildFile; fileRef = 2932FA682624B50A00386B86 /* LaunchScreen.storyboard */; };
		2932FA752624B50A00386B86 /* StockAppTests.swift in Sources */ = {isa = PBXBuildFile; fileRef = 2932FA742624B50A00386B86 /* StockAppTests.swift */; };
		2932FA802624B50B00386B86 /* StockAppUITests.swift in Sources */ = {isa = PBXBuildFile; fileRef = 2932FA7F2624B50B00386B86 /* StockAppUITests.swift */; };
/* End PBXBuildFile section */

/* Begin PBXContainerItemProxy section */
		2932FA712624B50A00386B86 /* PBXContainerItemProxy */ = {
			isa = PBXContainerItemProxy;
			containerPortal = 2932FA522624B50800386B86 /* Project object */;
			proxyType = 1;
			remoteGlobalIDString = 2932FA592624B50800386B86;
			remoteInfo = StockApp;
		};
		2932FA7C2624B50B00386B86 /* PBXContainerItemProxy */ = {
			isa = PBXContainerItemProxy;
			containerPortal = 2932FA522624B50800386B86 /* Project object */;
			proxyType = 1;
			remoteGlobalIDString = 2932FA592624B50800386B86;
			remoteInfo = StockApp;
		};
/* End PBXContainerItemProxy section */

/* Begin PBXFileReference section */
		2932FA5A2624B50800386B86 /* StockApp.app */ = {isa = PBXFileReference; explicitFileType = wrapper.application; includeInIndex = 0; path = StockApp.app; sourceTree = BUILT_PRODUCTS_DIR; };
		2932FA5D2624B50800386B86 /* AppDelegate.swift */ = {isa = PBXFileReference; lastKnownFileType = sourcecode.swift; path = AppDelegate.swift; sourceTree = "<group>"; };
		2932FA5F2624B50800386B86 /* SceneDelegate.swift */ = {isa = PBXFileReference; lastKnownFileType = sourcecode.swift; path = SceneDelegate.swift; sourceTree = "<group>"; };
		2932FA612624B50800386B86 /* ViewController.swift */ = {isa = PBXFileReference; lastKnownFileType = sourcecode.swift; path = ViewController.swift; sourceTree = "<group>"; };
		2932FA642624B50800386B86 /* Base */ = {isa = PBXFileReference; lastKnownFileType = file.storyboard; name = Base; path = Base.lproj/Main.storyboard; sourceTree = "<group>"; };
		2932FA662624B50A00386B86 /* Assets.xcassets */ = {isa = PBXFileReference; lastKnownFileType = folder.assetcatalog; path = Assets.xcassets; sourceTree = "<group>"; };
		2932FA692624B50A00386B86 /* Base */ = {isa = PBXFileReference; lastKnownFileType = file.storyboard; name = Base; path = Base.lproj/LaunchScreen.storyboard; sourceTree = "<group>"; };
		2932FA6B2624B50A00386B86 /* Info.plist */ = {isa = PBXFileReference; lastKnownFileType = text.plist.xml; path = Info.plist; sourceTree = "<group>"; };
		2932FA702624B50A00386B86 /* StockAppTests.xctest */ = {isa = PBXFileReference; explicitFileType = wrapper.cfbundle; includeInIndex = 0; path = StockAppTests.xctest; sourceTree = BUILT_PRODUCTS_DIR; };
		2932FA742624B50A00386B86 /* StockAppTests.swift */ = {isa = PBXFileReference; lastKnownFileType = sourcecode.swift; path = StockAppTests.swift; sourceTree = "<group>"; };
		2932FA762624B50A00386B86 /* Info.plist */ = {isa = PBXFileReference; lastKnownFileType = text.plist.xml; path = Info.plist; sourceTree = "<group>"; };
		2932FA7B2624B50B00386B86 /* StockAppUITests.xctest */ = {isa = PBXFileReference; explicitFileType = wrapper.cfbundle; includeInIndex = 0; path = StockAppUITests.xctest; sourceTree = BUILT_PRODUCTS_DIR; };
		2932FA7F2624B50B00386B86 /* StockAppUITests.swift */ = {isa = PBXFileReference; lastKnownFileType = sourcecode.swift; path = StockAppUITests.swift; sourceTree = "<group>"; };
		2932FA812624B50B00386B86 /* Info.plist */ = {isa = PBXFileReference; lastKnownFileType = text.plist.xml; path = Info.plist; sourceTree = "<group>"; };
/* End PBXFileReference section */

/* Begin PBXFrameworksBuildPhase section */
		2932FA572624B50800386B86 /* Frameworks */ = {
			isa = PBXFrameworksBuildPhase;
			buildActionMask = 2147483647;
			files = (
			);
			runOnlyForDeploymentPostprocessing = 0;
		};
		2932FA6D2624B50A00386B86 /* Frameworks */ = {
			isa = PBXFrameworksBuildPhase;
			buildActionMask = 2147483647;
			files = (
			);
			runOnlyForDeploymentPostprocessing = 0;
		};
		2932FA782624B50B00386B86 /* Frameworks */ = {
			isa = PBXFrameworksBuildPhase;
			buildActionMask = 2147483647;
			files = (
			);
			runOnlyForDeploymentPostprocessing = 0;
		};
/* End PBXFrameworksBuildPhase section */

/* Begin PBXGroup section */
		2932FA512624B50800386B86 = {
			isa = PBXGroup;
			children = (
				2932FA5C2624B50800386B86 /* StockApp */,
				2932FA732624B50A00386B86 /* StockAppTests */,
				2932FA7E2624B50B00386B86 /* StockAppUITests */,
				2932FA5B2624B50800386B86 /* Products */,
			);
			sourceTree = "<group>";
		};
		2932FA5B2624B50800386B86 /* Products */ = {
			isa = PBXGroup;
			children = (
				2932FA5A2624B50800386B86 /* StockApp.app */,
				2932FA702624B50A00386B86 /* StockAppTests.xctest */,
				2932FA7B2624B50B00386B86 /* StockAppUITests.xctest */,
			);
			name = Products;
			sourceTree = "<group>";
		};
		2932FA5C2624B50800386B86 /* StockApp */ = {
			isa = PBXGroup;
			children = (
				2932FA5D2624B50800386B86 /* AppDelegate.swift */,
				2932FA5F2624B50800386B86 /* SceneDelegate.swift */,
				2932FA612624B50800386B86 /* ViewController.swift */,
				2932FA632624B50800386B86 /* Main.storyboard */,
				2932FA662624B50A00386B86 /* Assets.xcassets */,
				2932FA682624B50A00386B86 /* LaunchScreen.storyboard */,
				2932FA6B2624B50A00386B86 /* Info.plist */,
			);
			path = StockApp;
			sourceTree = "<group>";
		};
		2932FA732624B50A00386B86 /* StockAppTests */ = {
			isa = PBXGroup;
			children = (
				2932FA742624B50A00386B86 /* StockAppTests.swift */,
				2932FA762624B50A00386B86 /* Info.plist */,
			);
			path = StockAppTests;
			sourceTree = "<group>";
		};
		2932FA7E2624B50B00386B86 /* StockAppUITests */ = {
			isa = PBXGroup;
			children = (
				2932FA7F2624B50B00386B86 /* StockAppUITests.swift */,
				2932FA812624B50B00386B86 /* Info.plist */,
			);
			path = StockAppUITests;
			sourceTree = "<group>";
		};
/* End PBXGroup section */

/* Begin PBXNativeTarget section */
		2932FA592624B50800386B86 /* StockApp */ = {
			isa = PBXNativeTarget;
			buildConfigurationList = 2932FA842624B50B00386B86 /* Build configuration list for PBXNativeTarget "StockApp" */;
			buildPhases = (
				2932FA562624B50800386B86 /* Sources */,
				2932FA572624B50800386B86 /* Frameworks */,
				2932FA582624B50800386B86 /* Resources */,
			);
			buildRules = (
			);
			dependencies = (
			);
			name = StockApp;
			productName = StockApp;
			productReference = 2932FA5A2624B50800386B86 /* StockApp.app */;
			productType = "com.apple.product-type.application";
		};
		2932FA6F2624B50A00386B86 /* StockAppTests */ = {
			isa = PBXNativeTarget;
			buildConfigurationList = 2932FA872624B50B00386B86 /* Build configuration list for PBXNativeTarget "StockAppTests" */;
			buildPhases = (
				2932FA6C2624B50A00386B86 /* Sources */,
				2932FA6D2624B50A00386B86 /* Frameworks */,
				2932FA6E2624B50A00386B86 /* Resources */,
			);
			buildRules = (
			);
			dependencies = (
				2932FA722624B50A00386B86 /* PBXTargetDependency */,
			);
			name = StockAppTests;
			productName = StockAppTests;
			productReference = 2932FA702624B50A00386B86 /* StockAppTests.xctest */;
			productType = "com.apple.product-type.bundle.unit-test";
		};
		2932FA7A2624B50B00386B86 /* StockAppUITests */ = {
			isa = PBXNativeTarget;
			buildConfigurationList = 2932FA8A2624B50B00386B86 /* Build configuration list for PBXNativeTarget "StockAppUITests" */;
			buildPhases = (
				2932FA772624B50B00386B86 /* Sources */,
				2932FA782624B50B00386B86 /* Frameworks */,
				2932FA792624B50B00386B86 /* Resources */,
			);
			buildRules = (
			);
			dependencies = (
				2932FA7D2624B50B00386B86 /* PBXTargetDependency */,
			);
			name = StockAppUITests;
			productName = StockAppUITests;
			productReference = 2932FA7B2624B50B00386B86 /* StockAppUITests.xctest */;
			productType = "com.apple.product-type.bundle.ui-testing";
		};
/* End PBXNativeTarget section */

/* Begin PBXProject section */
		2932FA522624B50800386B86 /* Project object */ = {
			isa = PBXProject;
			attributes = {
				LastSwiftUpdateCheck = 1240;
				LastUpgradeCheck = 1240;
				TargetAttributes = {
					2932FA592624B50800386B86 = {
						CreatedOnToolsVersion = 12.4;
					};
					2932FA6F2624B50A00386B86 = {
						CreatedOnToolsVersion = 12.4;
						TestTargetID = 2932FA592624B50800386B86;
					};
					2932FA7A2624B50B00386B86 = {
						CreatedOnToolsVersion = 12.4;
						TestTargetID = 2932FA592624B50800386B86;
					};
				};
			};
			buildConfigurationList = 2932FA552624B50800386B86 /* Build configuration list for PBXProject "StockApp" */;
			compatibilityVersion = "Xcode 9.3";
			developmentRegion = en;
			hasScannedForEncodings = 0;
			knownRegions = (
				en,
				Base,
			);
			mainGroup = 2932FA512624B50800386B86;
			productRefGroup = 2932FA5B2624B50800386B86 /* Products */;
			projectDirPath = "";
			projectRoot = "";
			targets = (
				2932FA592624B50800386B86 /* StockApp */,
				2932FA6F2624B50A00386B86 /* StockAppTests */,
				2932FA7A2624B50B00386B86 /* StockAppUITests */,
			);
		};
/* End PBXProject section */

/* Begin PBXResourcesBuildPhase section */
		2932FA582624B50800386B86 /* Resources */ = {
			isa = PBXResourcesBuildPhase;
			buildActionMask = 2147483647;
			files = (
				2932FA6A2624B50A00386B86 /* LaunchScreen.storyboard in Resources */,
				2932FA672624B50A00386B86 /* Assets.xcassets in Resources */,
				2932FA652624B50800386B86 /* Main.storyboard in Resources */,
			);
			runOnlyForDeploymentPostprocessing = 0;
		};
		2932FA6E2624B50A00386B86 /* Resources */ = {
			isa = PBXResourcesBuildPhase;
			buildActionMask = 2147483647;
			files = (
			);
			runOnlyForDeploymentPostprocessing = 0;
		};
		2932FA792624B50B00386B86 /* Resources */ = {
			isa = PBXResourcesBuildPhase;
			buildActionMask = 2147483647;
			files = (
			);
			runOnlyForDeploymentPostprocessing = 0;
		};
/* End PBXResourcesBuildPhase section */

/* Begin PBXSourcesBuildPhase section */
		2932FA562624B50800386B86 /* Sources */ = {
			isa = PBXSourcesBuildPhase;
			buildActionMask = 2147483647;
			files = (
				2932FA622624B50800386B86 /* ViewController.swift in Sources */,
				2932FA5E2624B50800386B86 /* AppDelegate.swift in Sources */,
				2932FA602624B50800386B86 /* SceneDelegate.swift in Sources */,
			);
			runOnlyForDeploymentPostprocessing = 0;
		};
		2932FA6C2624B50A00386B86 /* Sources */ = {
			isa = PBXSourcesBuildPhase;
			buildActionMask = 2147483647;
			files = (
				2932FA752624B50A00386B86 /* StockAppTests.swift in Sources */,
			);
			runOnlyForDeploymentPostprocessing = 0;
		};
		2932FA772624B50B00386B86 /* Sources */ = {
			isa = PBXSourcesBuildPhase;
			buildActionMask = 2147483647;
			files = (
				2932FA802624B50B00386B86 /* StockAppUITests.swift in Sources */,
			);
			runOnlyForDeploymentPostprocessing = 0;
		};
/* End PBXSourcesBuildPhase section */

/* Begin PBXTargetDependency section */
		2932FA722624B50A00386B86 /* PBXTargetDependency */ = {
			isa = PBXTargetDependency;
			target = 2932FA592624B50800386B86 /* StockApp */;
			targetProxy = 2932FA712624B50A00386B86 /* PBXContainerItemProxy */;
		};
		2932FA7D2624B50B00386B86 /* PBXTargetDependency */ = {
			isa = PBXTargetDependency;
			target = 2932FA592624B50800386B86 /* StockApp */;
			targetProxy = 2932FA7C2624B50B00386B86 /* PBXContainerItemProxy */;
		};
/* End PBXTargetDependency section */

/* Begin PBXVariantGroup section */
		2932FA632624B50800386B86 /* Main.storyboard */ = {
			isa = PBXVariantGroup;
			children = (
				2932FA642624B50800386B86 /* Base */,
			);
			name = Main.storyboard;
			sourceTree = "<group>";
		};
		2932FA682624B50A00386B86 /* LaunchScreen.storyboard */ = {
			isa = PBXVariantGroup;
			children = (
				2932FA692624B50A00386B86 /* Base */,
			);
			name = LaunchScreen.storyboard;
			sourceTree = "<group>";
		};
/* End PBXVariantGroup section */

/* Begin XCBuildConfiguration section */
		2932FA822624B50B00386B86 /* Debug */ = {
			isa = XCBuildConfiguration;
			buildSettings = {
				ALWAYS_SEARCH_USER_PATHS = NO;
				CLANG_ANALYZER_NONNULL = YES;
				CLANG_ANALYZER_NUMBER_OBJECT_CONVERSION = YES_AGGRESSIVE;
				CLANG_CXX_LANGUAGE_STANDARD = "gnu++14";
				CLANG_CXX_LIBRARY = "libc++";
				CLANG_ENABLE_MODULES = YES;
				CLANG_ENABLE_OBJC_ARC = YES;
				CLANG_ENABLE_OBJC_WEAK = YES;
				CLANG_WARN_BLOCK_CAPTURE_AUTORELEASING = YES;
				CLANG_WARN_BOOL_CONVERSION = YES;
				CLANG_WARN_COMMA = YES;
				CLANG_WARN_CONSTANT_CONVERSION = YES;
				CLANG_WARN_DEPRECATED_OBJC_IMPLEMENTATIONS = YES;
				CLANG_WARN_DIRECT_OBJC_ISA_USAGE = YES_ERROR;
				CLANG_WARN_DOCUMENTATION_COMMENTS = YES;
				CLANG_WARN_EMPTY_BODY = YES;
				CLANG_WARN_ENUM_CONVERSION = YES;
				CLANG_WARN_INFINITE_RECURSION = YES;
				CLANG_WARN_INT_CONVERSION = YES;
				CLANG_WARN_NON_LITERAL_NULL_CONVERSION = YES;
				CLANG_WARN_OBJC_IMPLICIT_RETAIN_SELF = YES;
				CLANG_WARN_OBJC_LITERAL_CONVERSION = YES;
				CLANG_WARN_OBJC_ROOT_CLASS = YES_ERROR;
				CLANG_WARN_QUOTED_INCLUDE_IN_FRAMEWORK_HEADER = YES;
				CLANG_WARN_RANGE_LOOP_ANALYSIS = YES;
				CLANG_WARN_STRICT_PROTOTYPES = YES;
				CLANG_WARN_SUSPICIOUS_MOVE = YES;
				CLANG_WARN_UNGUARDED_AVAILABILITY = YES_AGGRESSIVE;
				CLANG_WARN_UNREACHABLE_CODE = YES;
				CLANG_WARN__DUPLICATE_METHOD_MATCH = YES;
				COPY_PHASE_STRIP = NO;
				DEBUG_INFORMATION_FORMAT = dwarf;
				ENABLE_STRICT_OBJC_MSGSEND = YES;
				ENABLE_TESTABILITY = YES;
				GCC_C_LANGUAGE_STANDARD = gnu11;
				GCC_DYNAMIC_NO_PIC = NO;
				GCC_NO_COMMON_BLOCKS = YES;
				GCC_OPTIMIZATION_LEVEL = 0;
				GCC_PREPROCESSOR_DEFINITIONS = (
					"DEBUG=1",
					"$(inherited)",
				);
				GCC_WARN_64_TO_32_BIT_CONVERSION = YES;
				GCC_WARN_ABOUT_RETURN_TYPE = YES_ERROR;
				GCC_WARN_UNDECLARED_SELECTOR = YES;
				GCC_WARN_UNINITIALIZED_AUTOS = YES_AGGRESSIVE;
				GCC_WARN_UNUSED_FUNCTION = YES;
				GCC_WARN_UNUSED_VARIABLE = YES;
				IPHONEOS_DEPLOYMENT_TARGET = 14.4;
				MTL_ENABLE_DEBUG_INFO = INCLUDE_SOURCE;
				MTL_FAST_MATH = YES;
				ONLY_ACTIVE_ARCH = YES;
				SDKROOT = iphoneos;
				SWIFT_ACTIVE_COMPILATION_CONDITIONS = DEBUG;
				SWIFT_OPTIMIZATION_LEVEL = "-Onone";
			};
			name = Debug;
		};
		2932FA832624B50B00386B86 /* Release */ = {
			isa = XCBuildConfiguration;
			buildSettings = {
				ALWAYS_SEARCH_USER_PATHS = NO;
				CLANG_ANALYZER_NONNULL = YES;
				CLANG_ANALYZER_NUMBER_OBJECT_CONVERSION = YES_AGGRESSIVE;
				CLANG_CXX_LANGUAGE_STANDARD = "gnu++14";
				CLANG_CXX_LIBRARY = "libc++";
				CLANG_ENABLE_MODULES = YES;
				CLANG_ENABLE_OBJC_ARC = YES;
				CLANG_ENABLE_OBJC_WEAK = YES;
				CLANG_WARN_BLOCK_CAPTURE_AUTORELEASING = YES;
				CLANG_WARN_BOOL_CONVERSION = YES;
				CLANG_WARN_COMMA = YES;
				CLANG_WARN_CONSTANT_CONVERSION = YES;
				CLANG_WARN_DEPRECATED_OBJC_IMPLEMENTATIONS = YES;
				CLANG_WARN_DIRECT_OBJC_ISA_USAGE = YES_ERROR;
				CLANG_WARN_DOCUMENTATION_COMMENTS = YES;
				CLANG_WARN_EMPTY_BODY = YES;
				CLANG_WARN_ENUM_CONVERSION = YES;
				CLANG_WARN_INFINITE_RECURSION = YES;
				CLANG_WARN_INT_CONVERSION = YES;
				CLANG_WARN_NON_LITERAL_NULL_CONVERSION = YES;
				CLANG_WARN_OBJC_IMPLICIT_RETAIN_SELF = YES;
				CLANG_WARN_OBJC_LITERAL_CONVERSION = YES;
				CLANG_WARN_OBJC_ROOT_CLASS = YES_ERROR;
				CLANG_WARN_QUOTED_INCLUDE_IN_FRAMEWORK_HEADER = YES;
				CLANG_WARN_RANGE_LOOP_ANALYSIS = YES;
				CLANG_WARN_STRICT_PROTOTYPES = YES;
				CLANG_WARN_SUSPICIOUS_MOVE = YES;
				CLANG_WARN_UNGUARDED_AVAILABILITY = YES_AGGRESSIVE;
				CLANG_WARN_UNREACHABLE_CODE = YES;
				CLANG_WARN__DUPLICATE_METHOD_MATCH = YES;
				COPY_PHASE_STRIP = NO;
				DEBUG_INFORMATION_FORMAT = "dwarf-with-dsym";
				ENABLE_NS_ASSERTIONS = NO;
				ENABLE_STRICT_OBJC_MSGSEND = YES;
				GCC_C_LANGUAGE_STANDARD = gnu11;
				GCC_NO_COMMON_BLOCKS = YES;
				GCC_WARN_64_TO_32_BIT_CONVERSION = YES;
				GCC_WARN_ABOUT_RETURN_TYPE = YES_ERROR;
				GCC_WARN_UNDECLARED_SELECTOR = YES;
				GCC_WARN_UNINITIALIZED_AUTOS = YES_AGGRESSIVE;
				GCC_WARN_UNUSED_FUNCTION = YES;
				GCC_WARN_UNUSED_VARIABLE = YES;
				IPHONEOS_DEPLOYMENT_TARGET = 14.4;
				MTL_ENABLE_DEBUG_INFO = NO;
				MTL_FAST_MATH = YES;
				SDKROOT = iphoneos;
				SWIFT_COMPILATION_MODE = wholemodule;
				SWIFT_OPTIMIZATION_LEVEL = "-O";
				VALIDATE_PRODUCT = YES;
			};
			name = Release;
		};
		2932FA852624B50B00386B86 /* Debug */ = {
			isa = XCBuildConfiguration;
			buildSettings = {
				ASSETCATALOG_COMPILER_APPICON_NAME = AppIcon;
				ASSETCATALOG_COMPILER_GLOBAL_ACCENT_COLOR_NAME = AccentColor;
				CODE_SIGN_STYLE = Automatic;
				INFOPLIST_FILE = StockApp/Info.plist;
				LD_RUNPATH_SEARCH_PATHS = (
					"$(inherited)",
					"@executable_path/Frameworks",
				);
				PRODUCT_BUNDLE_IDENTIFIER = com.sapient.in.ufa.StockApp;
				PRODUCT_NAME = "$(TARGET_NAME)";
				SWIFT_VERSION = 5.0;
				TARGETED_DEVICE_FAMILY = "1,2";
			};
			name = Debug;
		};
		2932FA862624B50B00386B86 /* Release */ = {
			isa = XCBuildConfiguration;
			buildSettings = {
				ASSETCATALOG_COMPILER_APPICON_NAME = AppIcon;
				ASSETCATALOG_COMPILER_GLOBAL_ACCENT_COLOR_NAME = AccentColor;
				CODE_SIGN_STYLE = Automatic;
				INFOPLIST_FILE = StockApp/Info.plist;
				LD_RUNPATH_SEARCH_PATHS = (
					"$(inherited)",
					"@executable_path/Frameworks",
				);
				PRODUCT_BUNDLE_IDENTIFIER = com.sapient.in.ufa.StockApp;
				PRODUCT_NAME = "$(TARGET_NAME)";
				SWIFT_VERSION = 5.0;
				TARGETED_DEVICE_FAMILY = "1,2";
			};
			name = Release;
		};
		2932FA882624B50B00386B86 /* Debug */ = {
			isa = XCBuildConfiguration;
			buildSettings = {
				ALWAYS_EMBED_SWIFT_STANDARD_LIBRARIES = YES;
				BUNDLE_LOADER = "$(TEST_HOST)";
				CODE_SIGN_STYLE = Automatic;
				INFOPLIST_FILE = StockAppTests/Info.plist;
				IPHONEOS_DEPLOYMENT_TARGET = 14.4;
				LD_RUNPATH_SEARCH_PATHS = (
					"$(inherited)",
					"@executable_path/Frameworks",
					"@loader_path/Frameworks",
				);
				PRODUCT_BUNDLE_IDENTIFIER = com.sapient.in.ufa.StockAppTests;
				PRODUCT_NAME = "$(TARGET_NAME)";
				SWIFT_VERSION = 5.0;
				TARGETED_DEVICE_FAMILY = "1,2";
				TEST_HOST = "$(BUILT_PRODUCTS_DIR)/StockApp.app/StockApp";
			};
			name = Debug;
		};
		2932FA892624B50B00386B86 /* Release */ = {
			isa = XCBuildConfiguration;
			buildSettings = {
				ALWAYS_EMBED_SWIFT_STANDARD_LIBRARIES = YES;
				BUNDLE_LOADER = "$(TEST_HOST)";
				CODE_SIGN_STYLE = Automatic;
				INFOPLIST_FILE = StockAppTests/Info.plist;
				IPHONEOS_DEPLOYMENT_TARGET = 14.4;
				LD_RUNPATH_SEARCH_PATHS = (
					"$(inherited)",
					"@executable_path/Frameworks",
					"@loader_path/Frameworks",
				);
				PRODUCT_BUNDLE_IDENTIFIER = com.sapient.in.ufa.StockAppTests;
				PRODUCT_NAME = "$(TARGET_NAME)";
				SWIFT_VERSION = 5.0;
				TARGETED_DEVICE_FAMILY = "1,2";
				TEST_HOST = "$(BUILT_PRODUCTS_DIR)/StockApp.app/StockApp";
			};
			name = Release;
		};
		2932FA8B2624B50B00386B86 /* Debug */ = {
			isa = XCBuildConfiguration;
			buildSettings = {
				ALWAYS_EMBED_SWIFT_STANDARD_LIBRARIES = YES;
				CODE_SIGN_STYLE = Automatic;
				INFOPLIST_FILE = StockAppUITests/Info.plist;
				LD_RUNPATH_SEARCH_PATHS = (
					"$(inherited)",
					"@executable_path/Frameworks",
					"@loader_path/Frameworks",
				);
				PRODUCT_BUNDLE_IDENTIFIER = com.sapient.in.ufa.StockAppUITests;
				PRODUCT_NAME = "$(TARGET_NAME)";
				SWIFT_VERSION = 5.0;
				TARGETED_DEVICE_FAMILY = "1,2";
				TEST_TARGET_NAME = StockApp;
			};
			name = Debug;
		};
		2932FA8C2624B50B00386B86 /* Release */ = {
			isa = XCBuildConfiguration;
			buildSettings = {
				ALWAYS_EMBED_SWIFT_STANDARD_LIBRARIES = YES;
				CODE_SIGN_STYLE = Automatic;
				INFOPLIST_FILE = StockAppUITests/Info.plist;
				LD_RUNPATH_SEARCH_PATHS = (
					"$(inherited)",
					"@executable_path/Frameworks",
					"@loader_path/Frameworks",
				);
				PRODUCT_BUNDLE_IDENTIFIER = com.sapient.in.ufa.StockAppUITests;
				PRODUCT_NAME = "$(TARGET_NAME)";
				SWIFT_VERSION = 5.0;
				TARGETED_DEVICE_FAMILY = "1,2";
				TEST_TARGET_NAME = StockApp;
			};
			name = Release;
		};
/* End XCBuildConfiguration section */

/* Begin XCConfigurationList section */
		2932FA552624B50800386B86 /* Build configuration list for PBXProject "StockApp" */ = {
			isa = XCConfigurationList;
			buildConfigurations = (
				2932FA822624B50B00386B86 /* Debug */,
				2932FA832624B50B00386B86 /* Release */,
			);
			defaultConfigurationIsVisible = 0;
			defaultConfigurationName = Release;
		};
		2932FA842624B50B00386B86 /* Build configuration list for PBXNativeTarget "StockApp" */ = {
			isa = XCConfigurationList;
			buildConfigurations = (
				2932FA852624B50B00386B86 /* Debug */,
				2932FA862624B50B00386B86 /* Release */,
			);
			defaultConfigurationIsVisible = 0;
			defaultConfigurationName = Release;
		};
		2932FA872624B50B00386B86 /* Build configuration list for PBXNativeTarget "StockAppTests" */ = {
			isa = XCConfigurationList;
			buildConfigurations = (
				2932FA882624B50B00386B86 /* Debug */,
				2932FA892624B50B00386B86 /* Release */,
			);
			defaultConfigurationIsVisible = 0;
			defaultConfigurationName = Release;
		};
		2932FA8A2624B50B00386B86 /* Build configuration list for PBXNativeTarget "StockAppUITests" */ = {
			isa = XCConfigurationList;
			buildConfigurations = (
				2932FA8B2624B50B00386B86 /* Debug */,
				2932FA8C2624B50B00386B86 /* Release */,
			);
			defaultConfigurationIsVisible = 0;
			defaultConfigurationName = Release;
		};
/* End XCConfigurationList section */
	};
	rootObject = 2932FA522624B50800386B86 /* Project object */;
}
